// !$*UTF8*$!
{
	archiveVersion = 1;
	classes = {
	};
	objectVersion = 46;
	objects = {

/* Begin PBXBuildFile section */
		A0D425691C750234003F6C4F /* AppDelegate.swift in Sources */ = {isa = PBXBuildFile; fileRef = A0D425681C750234003F6C4F /* AppDelegate.swift */; };
		A0D4256B1C750234003F6C4F /* ViewController.swift in Sources */ = {isa = PBXBuildFile; fileRef = A0D4256A1C750234003F6C4F /* ViewController.swift */; };
		A0D4256E1C750234003F6C4F /* Main.storyboard in Resources */ = {isa = PBXBuildFile; fileRef = A0D4256C1C750234003F6C4F /* Main.storyboard */; };
		A0D425701C750234003F6C4F /* Assets.xcassets in Resources */ = {isa = PBXBuildFile; fileRef = A0D4256F1C750234003F6C4F /* Assets.xcassets */; };
		A0D425731C750234003F6C4F /* LaunchScreen.storyboard in Resources */ = {isa = PBXBuildFile; fileRef = A0D425711C750234003F6C4F /* LaunchScreen.storyboard */; };
		A0D4257C1C750647003F6C4F /* TwitterClient.swift in Sources */ = {isa = PBXBuildFile; fileRef = A0D4257B1C750647003F6C4F /* TwitterClient.swift */; };
		A0D917B81C7F7E7E007A0E42 /* ComposeViewController.swift in Sources */ = {isa = PBXBuildFile; fileRef = A0D917B71C7F7E7E007A0E42 /* ComposeViewController.swift */; };
		A0D91E1A1C7A6192005FDFC7 /* TweetDetailViewController.swift in Sources */ = {isa = PBXBuildFile; fileRef = A0D91E191C7A6192005FDFC7 /* TweetDetailViewController.swift */; };
		A0D963791C7A91E700E4735C /* favorite.png in Resources */ = {isa = PBXBuildFile; fileRef = A0D963781C7A91E700E4735C /* favorite.png */; };
		A0D9637B1C7A91F000E4735C /* retweet.png in Resources */ = {isa = PBXBuildFile; fileRef = A0D9637A1C7A91F000E4735C /* retweet.png */; };
		A0D9637D1C7E482500E4735C /* ProfileViewController.swift in Sources */ = {isa = PBXBuildFile; fileRef = A0D9637C1C7E482500E4735C /* ProfileViewController.swift */; };
		A0D9637F1C7E52C300E4735C /* compose.png in Resources */ = {isa = PBXBuildFile; fileRef = A0D9637E1C7E52C300E4735C /* compose.png */; };
		A0D963811C7E52CE00E4735C /* addUser.png in Resources */ = {isa = PBXBuildFile; fileRef = A0D963801C7E52CE00E4735C /* addUser.png */; };
		A0D963831C7E549A00E4735C /* Search.png in Resources */ = {isa = PBXBuildFile; fileRef = A0D963821C7E549A00E4735C /* Search.png */; };
		A0D963851C7E55BC00E4735C /* Settings.png in Resources */ = {isa = PBXBuildFile; fileRef = A0D963841C7E55BC00E4735C /* Settings.png */; };
		A0D963871C7E56A900E4735C /* Users.png in Resources */ = {isa = PBXBuildFile; fileRef = A0D963861C7E56A900E4735C /* Users.png */; };
		A0D963891C7E5A4A00E4735C /* Twitter_logo_white_30px.png in Resources */ = {isa = PBXBuildFile; fileRef = A0D963881C7E5A4A00E4735C /* Twitter_logo_white_30px.png */; };
		A0D9638B1C7E5D2E00E4735C /* ProfileViewCell.swift in Sources */ = {isa = PBXBuildFile; fileRef = A0D9638A1C7E5D2E00E4735C /* ProfileViewCell.swift */; };
		A0D9638D1C7E9E2A00E4735C /* logout.png in Resources */ = {isa = PBXBuildFile; fileRef = A0D9638C1C7E9E2A00E4735C /* logout.png */; };
		A0D9A3311C7F6F0E008BEFB5 /* backButton.png in Resources */ = {isa = PBXBuildFile; fileRef = A0D9A3301C7F6F0E008BEFB5 /* backButton.png */; };
		A0D9BAB31C82689600BBDD81 /* User.png in Resources */ = {isa = PBXBuildFile; fileRef = A0D9BAB21C82689600BBDD81 /* User.png */; };
		A0D9BAB51C82689C00BBDD81 /* Home.png in Resources */ = {isa = PBXBuildFile; fileRef = A0D9BAB41C82689C00BBDD81 /* Home.png */; };
		A0D9BAB71C826CC600BBDD81 /* UserViewController.swift in Sources */ = {isa = PBXBuildFile; fileRef = A0D9BAB61C826CC600BBDD81 /* UserViewController.swift */; };
		A0D9BAB91C82DD1200BBDD81 /* SearchViewController.swift in Sources */ = {isa = PBXBuildFile; fileRef = A0D9BAB81C82DD1200BBDD81 /* SearchViewController.swift */; };
		A0D9BABB1C82E5CB00BBDD81 /* SearchCollectionViewCell.swift in Sources */ = {isa = PBXBuildFile; fileRef = A0D9BABA1C82E5CB00BBDD81 /* SearchCollectionViewCell.swift */; };
		A0D9BABD1C83044100BBDD81 /* InfiniteScrollActivityView.swift in Sources */ = {isa = PBXBuildFile; fileRef = A0D9BABC1C83044100BBDD81 /* InfiniteScrollActivityView.swift */; };
		A0DB34E51C7671D500DA7DCA /* User.swift in Sources */ = {isa = PBXBuildFile; fileRef = A0DB34E41C7671D500DA7DCA /* User.swift */; };
		A0DB34E71C7671F100DA7DCA /* Tweet.swift in Sources */ = {isa = PBXBuildFile; fileRef = A0DB34E61C7671F100DA7DCA /* Tweet.swift */; };
		A0DB34E91C76878100DA7DCA /* TweetsViewController.swift in Sources */ = {isa = PBXBuildFile; fileRef = A0DB34E81C76878100DA7DCA /* TweetsViewController.swift */; };
		A0DB34EC1C76A57300DA7DCA /* TweetCell.swift in Sources */ = {isa = PBXBuildFile; fileRef = A0DB34EB1C76A57300DA7DCA /* TweetCell.swift */; };
		C7823022240BD4F474A659BE /* Pods_Twitter.framework in Frameworks */ = {isa = PBXBuildFile; fileRef = 4FE80EDA563155A86E256388 /* Pods_Twitter.framework */; };
/* End PBXBuildFile section */

/* Begin PBXFileReference section */
		4FE80EDA563155A86E256388 /* Pods_Twitter.framework */ = {isa = PBXFileReference; explicitFileType = wrapper.framework; includeInIndex = 0; path = Pods_Twitter.framework; sourceTree = BUILT_PRODUCTS_DIR; };
		5A692AF5F18C22C8331EFE5A /* Pods-Twitter.release.xcconfig */ = {isa = PBXFileReference; includeInIndex = 1; lastKnownFileType = text.xcconfig; name = "Pods-Twitter.release.xcconfig"; path = "Pods/Target Support Files/Pods-Twitter/Pods-Twitter.release.xcconfig"; sourceTree = "<group>"; };
		A0D425651C750234003F6C4F /* Twitter.app */ = {isa = PBXFileReference; explicitFileType = wrapper.application; includeInIndex = 0; path = Twitter.app; sourceTree = BUILT_PRODUCTS_DIR; };
		A0D425681C750234003F6C4F /* AppDelegate.swift */ = {isa = PBXFileReference; lastKnownFileType = sourcecode.swift; path = AppDelegate.swift; sourceTree = "<group>"; };
		A0D4256A1C750234003F6C4F /* ViewController.swift */ = {isa = PBXFileReference; lastKnownFileType = sourcecode.swift; path = ViewController.swift; sourceTree = "<group>"; };
		A0D4256D1C750234003F6C4F /* Base */ = {isa = PBXFileReference; lastKnownFileType = file.storyboard; name = Base; path = Base.lproj/Main.storyboard; sourceTree = "<group>"; };
		A0D4256F1C750234003F6C4F /* Assets.xcassets */ = {isa = PBXFileReference; lastKnownFileType = folder.assetcatalog; path = Assets.xcassets; sourceTree = "<group>"; };
		A0D425721C750234003F6C4F /* Base */ = {isa = PBXFileReference; lastKnownFileType = file.storyboard; name = Base; path = Base.lproj/LaunchScreen.storyboard; sourceTree = "<group>"; };
		A0D425741C750234003F6C4F /* Info.plist */ = {isa = PBXFileReference; lastKnownFileType = text.plist.xml; path = Info.plist; sourceTree = "<group>"; };
		A0D4257B1C750647003F6C4F /* TwitterClient.swift */ = {isa = PBXFileReference; fileEncoding = 4; lastKnownFileType = sourcecode.swift; path = TwitterClient.swift; sourceTree = "<group>"; };
		A0D917B71C7F7E7E007A0E42 /* ComposeViewController.swift */ = {isa = PBXFileReference; fileEncoding = 4; lastKnownFileType = sourcecode.swift; path = ComposeViewController.swift; sourceTree = "<group>"; };
		A0D91E191C7A6192005FDFC7 /* TweetDetailViewController.swift */ = {isa = PBXFileReference; fileEncoding = 4; lastKnownFileType = sourcecode.swift; path = TweetDetailViewController.swift; sourceTree = "<group>"; };
		A0D963781C7A91E700E4735C /* favorite.png */ = {isa = PBXFileReference; lastKnownFileType = image.png; name = favorite.png; path = ../../../Downloads/favorite.png; sourceTree = "<group>"; };
		A0D9637A1C7A91F000E4735C /* retweet.png */ = {isa = PBXFileReference; lastKnownFileType = image.png; name = retweet.png; path = ../../../Downloads/retweet.png; sourceTree = "<group>"; };
		A0D9637C1C7E482500E4735C /* ProfileViewController.swift */ = {isa = PBXFileReference; fileEncoding = 4; lastKnownFileType = sourcecode.swift; path = ProfileViewController.swift; sourceTree = "<group>"; };
		A0D9637E1C7E52C300E4735C /* compose.png */ = {isa = PBXFileReference; lastKnownFileType = image.png; name = compose.png; path = ../../../Downloads/compose.png; sourceTree = "<group>"; };
		A0D963801C7E52CE00E4735C /* addUser.png */ = {isa = PBXFileReference; lastKnownFileType = image.png; name = addUser.png; path = ../../../Downloads/addUser.png; sourceTree = "<group>"; };
		A0D963821C7E549A00E4735C /* Search.png */ = {isa = PBXFileReference; lastKnownFileType = image.png; name = Search.png; path = ../../../Downloads/Search.png; sourceTree = "<group>"; };
		A0D963841C7E55BC00E4735C /* Settings.png */ = {isa = PBXFileReference; lastKnownFileType = image.png; name = Settings.png; path = ../../../Downloads/Settings.png; sourceTree = "<group>"; };
		A0D963861C7E56A900E4735C /* Users.png */ = {isa = PBXFileReference; lastKnownFileType = image.png; name = Users.png; path = ../../../Downloads/Users.png; sourceTree = "<group>"; };
		A0D963881C7E5A4A00E4735C /* Twitter_logo_white_30px.png */ = {isa = PBXFileReference; lastKnownFileType = image.png; name = Twitter_logo_white_30px.png; path = ../../../Downloads/Twitter_logo_white_30px.png; sourceTree = "<group>"; };
		A0D9638A1C7E5D2E00E4735C /* ProfileViewCell.swift */ = {isa = PBXFileReference; fileEncoding = 4; lastKnownFileType = sourcecode.swift; path = ProfileViewCell.swift; sourceTree = "<group>"; };
		A0D9638C1C7E9E2A00E4735C /* logout.png */ = {isa = PBXFileReference; lastKnownFileType = image.png; name = logout.png; path = ../../../Downloads/logout.png; sourceTree = "<group>"; };
		A0D9A3301C7F6F0E008BEFB5 /* backButton.png */ = {isa = PBXFileReference; lastKnownFileType = image.png; name = backButton.png; path = ../../../Downloads/backButton.png; sourceTree = "<group>"; };
		A0D9BAB21C82689600BBDD81 /* User.png */ = {isa = PBXFileReference; lastKnownFileType = image.png; name = User.png; path = ../../../Downloads/User.png; sourceTree = "<group>"; };
		A0D9BAB41C82689C00BBDD81 /* Home.png */ = {isa = PBXFileReference; lastKnownFileType = image.png; name = Home.png; path = ../../../Downloads/Home.png; sourceTree = "<group>"; };
		A0D9BAB61C826CC600BBDD81 /* UserViewController.swift */ = {isa = PBXFileReference; fileEncoding = 4; lastKnownFileType = sourcecode.swift; path = UserViewController.swift; sourceTree = "<group>"; };
		A0D9BAB81C82DD1200BBDD81 /* SearchViewController.swift */ = {isa = PBXFileReference; fileEncoding = 4; lastKnownFileType = sourcecode.swift; path = SearchViewController.swift; sourceTree = "<group>"; };
		A0D9BABA1C82E5CB00BBDD81 /* SearchCollectionViewCell.swift */ = {isa = PBXFileReference; fileEncoding = 4; lastKnownFileType = sourcecode.swift; path = SearchCollectionViewCell.swift; sourceTree = "<group>"; };
		A0D9BABC1C83044100BBDD81 /* InfiniteScrollActivityView.swift */ = {isa = PBXFileReference; fileEncoding = 4; lastKnownFileType = sourcecode.swift; path = InfiniteScrollActivityView.swift; sourceTree = "<group>"; };
		A0DB34E41C7671D500DA7DCA /* User.swift */ = {isa = PBXFileReference; fileEncoding = 4; lastKnownFileType = sourcecode.swift; path = User.swift; sourceTree = "<group>"; };
		A0DB34E61C7671F100DA7DCA /* Tweet.swift */ = {isa = PBXFileReference; fileEncoding = 4; lastKnownFileType = sourcecode.swift; path = Tweet.swift; sourceTree = "<group>"; };
		A0DB34E81C76878100DA7DCA /* TweetsViewController.swift */ = {isa = PBXFileReference; fileEncoding = 4; lastKnownFileType = sourcecode.swift; path = TweetsViewController.swift; sourceTree = "<group>"; };
		A0DB34EB1C76A57300DA7DCA /* TweetCell.swift */ = {isa = PBXFileReference; fileEncoding = 4; lastKnownFileType = sourcecode.swift; path = TweetCell.swift; sourceTree = "<group>"; };
		EE7A8A48C5FEA58BC1637787 /* Pods-Twitter.debug.xcconfig */ = {isa = PBXFileReference; includeInIndex = 1; lastKnownFileType = text.xcconfig; name = "Pods-Twitter.debug.xcconfig"; path = "Pods/Target Support Files/Pods-Twitter/Pods-Twitter.debug.xcconfig"; sourceTree = "<group>"; };
/* End PBXFileReference section */

/* Begin PBXFrameworksBuildPhase section */
		A0D425621C750234003F6C4F /* Frameworks */ = {
			isa = PBXFrameworksBuildPhase;
			buildActionMask = 2147483647;
			files = (
				C7823022240BD4F474A659BE /* Pods_Twitter.framework in Frameworks */,
			);
			runOnlyForDeploymentPostprocessing = 0;
		};
/* End PBXFrameworksBuildPhase section */

/* Begin PBXGroup section */
		2B0BA19CED3BDCE3AA84CDD3 /* Frameworks */ = {
			isa = PBXGroup;
			children = (
				4FE80EDA563155A86E256388 /* Pods_Twitter.framework */,
			);
			name = Frameworks;
			sourceTree = "<group>";
		};
		6AEDAD2D13EBA76D0F24E076 /* Pods */ = {
			isa = PBXGroup;
			children = (
				EE7A8A48C5FEA58BC1637787 /* Pods-Twitter.debug.xcconfig */,
				5A692AF5F18C22C8331EFE5A /* Pods-Twitter.release.xcconfig */,
			);
			name = Pods;
			sourceTree = "<group>";
		};
		A0D4255C1C750234003F6C4F = {
			isa = PBXGroup;
			children = (
				A0D425671C750234003F6C4F /* Twitter */,
				A0D425661C750234003F6C4F /* Products */,
				6AEDAD2D13EBA76D0F24E076 /* Pods */,
				2B0BA19CED3BDCE3AA84CDD3 /* Frameworks */,
			);
			sourceTree = "<group>";
		};
		A0D425661C750234003F6C4F /* Products */ = {
			isa = PBXGroup;
			children = (
				A0D425651C750234003F6C4F /* Twitter.app */,
			);
			name = Products;
			sourceTree = "<group>";
		};
		A0D425671C750234003F6C4F /* Twitter */ = {
			isa = PBXGroup;
			children = (
				A0DB34EA1C76A55800DA7DCA /* Views */,
				A0DB34E31C76719800DA7DCA /* View Controllers */,
				A0DB34E21C76719100DA7DCA /* Models */,
				A0D4257A1C75059E003F6C4F /* API */,
				A0D4256F1C750234003F6C4F /* Assets.xcassets */,
				A0D425681C750234003F6C4F /* AppDelegate.swift */,
				A0D4256C1C750234003F6C4F /* Main.storyboard */,
				A0D425711C750234003F6C4F /* LaunchScreen.storyboard */,
				A0D425741C750234003F6C4F /* Info.plist */,
			);
			path = Twitter;
			sourceTree = "<group>";
		};
		A0D4257A1C75059E003F6C4F /* API */ = {
			isa = PBXGroup;
			children = (
				A0D4257B1C750647003F6C4F /* TwitterClient.swift */,
			);
			name = API;
			sourceTree = "<group>";
		};
		A0DB34E21C76719100DA7DCA /* Models */ = {
			isa = PBXGroup;
			children = (
				A0DB34E41C7671D500DA7DCA /* User.swift */,
				A0DB34E61C7671F100DA7DCA /* Tweet.swift */,
			);
			name = Models;
			sourceTree = "<group>";
		};
		A0DB34E31C76719800DA7DCA /* View Controllers */ = {
			isa = PBXGroup;
			children = (
				A0D9BABC1C83044100BBDD81 /* InfiniteScrollActivityView.swift */,
				A0D9BAB81C82DD1200BBDD81 /* SearchViewController.swift */,
				A0D9BAB61C826CC600BBDD81 /* UserViewController.swift */,
				A0D917B71C7F7E7E007A0E42 /* ComposeViewController.swift */,
				A0D91E191C7A6192005FDFC7 /* TweetDetailViewController.swift */,
				A0D4256A1C750234003F6C4F /* ViewController.swift */,
				A0DB34E81C76878100DA7DCA /* TweetsViewController.swift */,
				A0D9637C1C7E482500E4735C /* ProfileViewController.swift */,
			);
			name = "View Controllers";
			sourceTree = "<group>";
		};
		A0DB34EA1C76A55800DA7DCA /* Views */ = {
			isa = PBXGroup;
			children = (
				A0D9BABA1C82E5CB00BBDD81 /* SearchCollectionViewCell.swift */,
				A0D9638A1C7E5D2E00E4735C /* ProfileViewCell.swift */,
				A0D9A3301C7F6F0E008BEFB5 /* backButton.png */,
				A0D9637A1C7A91F000E4735C /* retweet.png */,
				A0D9638C1C7E9E2A00E4735C /* logout.png */,
				A0D9637E1C7E52C300E4735C /* compose.png */,
				A0D963801C7E52CE00E4735C /* addUser.png */,
				A0D9BAB21C82689600BBDD81 /* User.png */,
				A0D963781C7A91E700E4735C /* favorite.png */,
				A0D9BAB41C82689C00BBDD81 /* Home.png */,
				A0D963881C7E5A4A00E4735C /* Twitter_logo_white_30px.png */,
				A0D963821C7E549A00E4735C /* Search.png */,
				A0D963841C7E55BC00E4735C /* Settings.png */,
				A0D963861C7E56A900E4735C /* Users.png */,
				A0DB34EB1C76A57300DA7DCA /* TweetCell.swift */,
			);
			name = Views;
			sourceTree = "<group>";
		};
/* End PBXGroup section */

/* Begin PBXNativeTarget section */
		A0D425641C750234003F6C4F /* Twitter */ = {
			isa = PBXNativeTarget;
			buildConfigurationList = A0D425771C750234003F6C4F /* Build configuration list for PBXNativeTarget "Twitter" */;
			buildPhases = (
				48FC283937408017169DDA51 /* Check Pods Manifest.lock */,
				A0D425611C750234003F6C4F /* Sources */,
				A0D425621C750234003F6C4F /* Frameworks */,
				A0D425631C750234003F6C4F /* Resources */,
				36183ACFFB45BF2446BEB5EF /* Embed Pods Frameworks */,
				CBABF5B6C74F1200EF56615D /* Copy Pods Resources */,
			);
			buildRules = (
			);
			dependencies = (
			);
			name = Twitter;
			productName = Twitter;
			productReference = A0D425651C750234003F6C4F /* Twitter.app */;
			productType = "com.apple.product-type.application";
		};
/* End PBXNativeTarget section */

/* Begin PBXProject section */
		A0D4255D1C750234003F6C4F /* Project object */ = {
			isa = PBXProject;
			attributes = {
				LastSwiftUpdateCheck = 0720;
				LastUpgradeCheck = 0720;
				ORGANIZATIONNAME = "Eduardo Nieves";
				TargetAttributes = {
					A0D425641C750234003F6C4F = {
						CreatedOnToolsVersion = 7.2;
					};
				};
			};
			buildConfigurationList = A0D425601C750234003F6C4F /* Build configuration list for PBXProject "Twitter" */;
			compatibilityVersion = "Xcode 3.2";
			developmentRegion = English;
			hasScannedForEncodings = 0;
			knownRegions = (
				en,
				Base,
			);
			mainGroup = A0D4255C1C750234003F6C4F;
			productRefGroup = A0D425661C750234003F6C4F /* Products */;
			projectDirPath = "";
			projectRoot = "";
			targets = (
				A0D425641C750234003F6C4F /* Twitter */,
			);
		};
/* End PBXProject section */

/* Begin PBXResourcesBuildPhase section */
		A0D425631C750234003F6C4F /* Resources */ = {
			isa = PBXResourcesBuildPhase;
			buildActionMask = 2147483647;
			files = (
				A0D963871C7E56A900E4735C /* Users.png in Resources */,
				A0D9637F1C7E52C300E4735C /* compose.png in Resources */,
				A0D425731C750234003F6C4F /* LaunchScreen.storyboard in Resources */,
				A0D963851C7E55BC00E4735C /* Settings.png in Resources */,
				A0D9637B1C7A91F000E4735C /* retweet.png in Resources */,
				A0D963831C7E549A00E4735C /* Search.png in Resources */,
				A0D425701C750234003F6C4F /* Assets.xcassets in Resources */,
				A0D963811C7E52CE00E4735C /* addUser.png in Resources */,
				A0D9BAB31C82689600BBDD81 /* User.png in Resources */,
				A0D4256E1C750234003F6C4F /* Main.storyboard in Resources */,
				A0D9A3311C7F6F0E008BEFB5 /* backButton.png in Resources */,
				A0D963891C7E5A4A00E4735C /* Twitter_logo_white_30px.png in Resources */,
				A0D9BAB51C82689C00BBDD81 /* Home.png in Resources */,
				A0D963791C7A91E700E4735C /* favorite.png in Resources */,
				A0D9638D1C7E9E2A00E4735C /* logout.png in Resources */,
			);
			runOnlyForDeploymentPostprocessing = 0;
		};
/* End PBXResourcesBuildPhase section */

/* Begin PBXShellScriptBuildPhase section */
		36183ACFFB45BF2446BEB5EF /* Embed Pods Frameworks */ = {
			isa = PBXShellScriptBuildPhase;
			buildActionMask = 2147483647;
			files = (
			);
			inputPaths = (
			);
			name = "Embed Pods Frameworks";
			outputPaths = (
			);
			runOnlyForDeploymentPostprocessing = 0;
			shellPath = /bin/sh;
			shellScript = "\"${SRCROOT}/Pods/Target Support Files/Pods-Twitter/Pods-Twitter-frameworks.sh\"\n";
			showEnvVarsInLog = 0;
		};
		48FC283937408017169DDA51 /* Check Pods Manifest.lock */ = {
			isa = PBXShellScriptBuildPhase;
			buildActionMask = 2147483647;
			files = (
			);
			inputPaths = (
			);
			name = "Check Pods Manifest.lock";
			outputPaths = (
			);
			runOnlyForDeploymentPostprocessing = 0;
			shellPath = /bin/sh;
			shellScript = "diff \"${PODS_ROOT}/../Podfile.lock\" \"${PODS_ROOT}/Manifest.lock\" > /dev/null\nif [[ $? != 0 ]] ; then\n    cat << EOM\nerror: The sandbox is not in sync with the Podfile.lock. Run 'pod install' or update your CocoaPods installation.\nEOM\n    exit 1\nfi\n";
			showEnvVarsInLog = 0;
		};
		CBABF5B6C74F1200EF56615D /* Copy Pods Resources */ = {
			isa = PBXShellScriptBuildPhase;
			buildActionMask = 2147483647;
			files = (
			);
			inputPaths = (
			);
			name = "Copy Pods Resources";
			outputPaths = (
			);
			runOnlyForDeploymentPostprocessing = 0;
			shellPath = /bin/sh;
			shellScript = "\"${SRCROOT}/Pods/Target Support Files/Pods-Twitter/Pods-Twitter-resources.sh\"\n";
			showEnvVarsInLog = 0;
		};
/* End PBXShellScriptBuildPhase section */

/* Begin PBXSourcesBuildPhase section */
		A0D425611C750234003F6C4F /* Sources */ = {
			isa = PBXSourcesBuildPhase;
			buildActionMask = 2147483647;
			files = (
				A0D9BABD1C83044100BBDD81 /* InfiniteScrollActivityView.swift in Sources */,
				A0DB34E51C7671D500DA7DCA /* User.swift in Sources */,
				A0D9BAB71C826CC600BBDD81 /* UserViewController.swift in Sources */,
				A0DB34EC1C76A57300DA7DCA /* TweetCell.swift in Sources */,
				A0DB34E71C7671F100DA7DCA /* Tweet.swift in Sources */,
				A0DB34E91C76878100DA7DCA /* TweetsViewController.swift in Sources */,
				A0D9638B1C7E5D2E00E4735C /* ProfileViewCell.swift in Sources */,
				A0D4256B1C750234003F6C4F /* ViewController.swift in Sources */,
				A0D917B81C7F7E7E007A0E42 /* ComposeViewController.swift in Sources */,
				A0D9BAB91C82DD1200BBDD81 /* SearchViewController.swift in Sources */,
				A0D91E1A1C7A6192005FDFC7 /* TweetDetailViewController.swift in Sources */,
				A0D9637D1C7E482500E4735C /* ProfileViewController.swift in Sources */,
				A0D4257C1C750647003F6C4F /* TwitterClient.swift in Sources */,
				A0D9BABB1C82E5CB00BBDD81 /* SearchCollectionViewCell.swift in Sources */,
				A0D425691C750234003F6C4F /* AppDelegate.swift in Sources */,
			);
			runOnlyForDeploymentPostprocessing = 0;
		};
/* End PBXSourcesBuildPhase section */

/* Begin PBXVariantGroup section */
		A0D4256C1C750234003F6C4F /* Main.storyboard */ = {
			isa = PBXVariantGroup;
			children = (
				A0D4256D1C750234003F6C4F /* Base */,
			);
			name = Main.storyboard;
			sourceTree = "<group>";
		};
		A0D425711C750234003F6C4F /* LaunchScreen.storyboard */ = {
			isa = PBXVariantGroup;
			children = (
				A0D425721C750234003F6C4F /* Base */,
			);
			name = LaunchScreen.storyboard;
			sourceTree = "<group>";
		};
/* End PBXVariantGroup section */

/* Begin XCBuildConfiguration section */
		A0D425751C750234003F6C4F /* Debug */ = {
			isa = XCBuildConfiguration;
			buildSettings = {
				ALWAYS_SEARCH_USER_PATHS = NO;
				CLANG_CXX_LANGUAGE_STANDARD = "gnu++0x";
				CLANG_CXX_LIBRARY = "libc++";
				CLANG_ENABLE_MODULES = YES;
				CLANG_ENABLE_OBJC_ARC = YES;
				CLANG_WARN_BOOL_CONVERSION = YES;
				CLANG_WARN_CONSTANT_CONVERSION = YES;
				CLANG_WARN_DIRECT_OBJC_ISA_USAGE = YES_ERROR;
				CLANG_WARN_EMPTY_BODY = YES;
				CLANG_WARN_ENUM_CONVERSION = YES;
				CLANG_WARN_INT_CONVERSION = YES;
				CLANG_WARN_OBJC_ROOT_CLASS = YES_ERROR;
				CLANG_WARN_UNREACHABLE_CODE = YES;
				CLANG_WARN__DUPLICATE_METHOD_MATCH = YES;
				"CODE_SIGN_IDENTITY[sdk=iphoneos*]" = "iPhone Developer";
				COPY_PHASE_STRIP = NO;
				DEBUG_INFORMATION_FORMAT = dwarf;
				ENABLE_STRICT_OBJC_MSGSEND = YES;
				ENABLE_TESTABILITY = YES;
				GCC_C_LANGUAGE_STANDARD = gnu99;
				GCC_DYNAMIC_NO_PIC = NO;
				GCC_NO_COMMON_BLOCKS = YES;
				GCC_OPTIMIZATION_LEVEL = 0;
				GCC_PREPROCESSOR_DEFINITIONS = (
					"DEBUG=1",
					"$(inherited)",
				);
				GCC_WARN_64_TO_32_BIT_CONVERSION = YES;
				GCC_WARN_ABOUT_RETURN_TYPE = YES_ERROR;
				GCC_WARN_UNDECLARED_SELECTOR = YES;
				GCC_WARN_UNINITIALIZED_AUTOS = YES_AGGRESSIVE;
				GCC_WARN_UNUSED_FUNCTION = YES;
				GCC_WARN_UNUSED_VARIABLE = YES;
				IPHONEOS_DEPLOYMENT_TARGET = 9.2;
				MTL_ENABLE_DEBUG_INFO = YES;
				ONLY_ACTIVE_ARCH = YES;
				SDKROOT = iphoneos;
				SWIFT_OPTIMIZATION_LEVEL = "-Onone";
				TARGETED_DEVICE_FAMILY = "1,2";
			};
			name = Debug;
		};
		A0D425761C750234003F6C4F /* Release */ = {
			isa = XCBuildConfiguration;
			buildSettings = {
				ALWAYS_SEARCH_USER_PATHS = NO;
				CLANG_CXX_LANGUAGE_STANDARD = "gnu++0x";
				CLANG_CXX_LIBRARY = "libc++";
				CLANG_ENABLE_MODULES = YES;
				CLANG_ENABLE_OBJC_ARC = YES;
				CLANG_WARN_BOOL_CONVERSION = YES;
				CLANG_WARN_CONSTANT_CONVERSION = YES;
				CLANG_WARN_DIRECT_OBJC_ISA_USAGE = YES_ERROR;
				CLANG_WARN_EMPTY_BODY = YES;
				CLANG_WARN_ENUM_CONVERSION = YES;
				CLANG_WARN_INT_CONVERSION = YES;
				CLANG_WARN_OBJC_ROOT_CLASS = YES_ERROR;
				CLANG_WARN_UNREACHABLE_CODE = YES;
				CLANG_WARN__DUPLICATE_METHOD_MATCH = YES;
				"CODE_SIGN_IDENTITY[sdk=iphoneos*]" = "iPhone Developer";
				COPY_PHASE_STRIP = NO;
				DEBUG_INFORMATION_FORMAT = "dwarf-with-dsym";
				ENABLE_NS_ASSERTIONS = NO;
				ENABLE_STRICT_OBJC_MSGSEND = YES;
				GCC_C_LANGUAGE_STANDARD = gnu99;
				GCC_NO_COMMON_BLOCKS = YES;
				GCC_WARN_64_TO_32_BIT_CONVERSION = YES;
				GCC_WARN_ABOUT_RETURN_TYPE = YES_ERROR;
				GCC_WARN_UNDECLARED_SELECTOR = YES;
				GCC_WARN_UNINITIALIZED_AUTOS = YES_AGGRESSIVE;
				GCC_WARN_UNUSED_FUNCTION = YES;
				GCC_WARN_UNUSED_VARIABLE = YES;
				IPHONEOS_DEPLOYMENT_TARGET = 9.2;
				MTL_ENABLE_DEBUG_INFO = NO;
				SDKROOT = iphoneos;
				TARGETED_DEVICE_FAMILY = "1,2";
				VALIDATE_PRODUCT = YES;
			};
			name = Release;
		};
		A0D425781C750234003F6C4F /* Debug */ = {
			isa = XCBuildConfiguration;
			baseConfigurationReference = EE7A8A48C5FEA58BC1637787 /* Pods-Twitter.debug.xcconfig */;
			buildSettings = {
				ASSETCATALOG_COMPILER_APPICON_NAME = AppIcon;
				INFOPLIST_FILE = Twitter/Info.plist;
				LD_RUNPATH_SEARCH_PATHS = "$(inherited) @executable_path/Frameworks";
				PRODUCT_BUNDLE_IDENTIFIER = Eduardo.Twitter;
				PRODUCT_NAME = "$(TARGET_NAME)";
			};
			name = Debug;
		};
		A0D425791C750234003F6C4F /* Release */ = {
			isa = XCBuildConfiguration;
			baseConfigurationReference = 5A692AF5F18C22C8331EFE5A /* Pods-Twitter.release.xcconfig */;
			buildSettings = {
				ASSETCATALOG_COMPILER_APPICON_NAME = AppIcon;
				INFOPLIST_FILE = Twitter/Info.plist;
				LD_RUNPATH_SEARCH_PATHS = "$(inherited) @executable_path/Frameworks";
				PRODUCT_BUNDLE_IDENTIFIER = Eduardo.Twitter;
				PRODUCT_NAME = "$(TARGET_NAME)";
			};
			name = Release;
		};
/* End XCBuildConfiguration section */

/* Begin XCConfigurationList section */
		A0D425601C750234003F6C4F /* Build configuration list for PBXProject "Twitter" */ = {
			isa = XCConfigurationList;
			buildConfigurations = (
				A0D425751C750234003F6C4F /* Debug */,
				A0D425761C750234003F6C4F /* Release */,
			);
			defaultConfigurationIsVisible = 0;
			defaultConfigurationName = Release;
		};
		A0D425771C750234003F6C4F /* Build configuration list for PBXNativeTarget "Twitter" */ = {
			isa = XCConfigurationList;
			buildConfigurations = (
				A0D425781C750234003F6C4F /* Debug */,
				A0D425791C750234003F6C4F /* Release */,
			);
			defaultConfigurationIsVisible = 0;
			defaultConfigurationName = Release;
		};
/* End XCConfigurationList section */
	};
	rootObject = A0D4255D1C750234003F6C4F /* Project object */;
}
